
Microsoft Visual Studio Solution File, Format Version 11.00
# Visual Studio 2010
Project("{FAE04EC0-301F-11D3-BF4B-00C04F79EFBC}") = "Unity.ShaderGraph.Editor", "Unity.ShaderGraph.Editor.csproj", "{07e061f0-2523-2170-2ef4-5f6a42f21f36}"
EndProject
Project("{FAE04EC0-301F-11D3-BF4B-00C04F79EFBC}") = "Assembly-CSharp", "Assembly-CSharp.csproj", "{9149b267-53e2-3475-9700-946f248e8dd4}"
EndProject
Project("{FAE04EC0-301F-11D3-BF4B-00C04F79EFBC}") = "Assembly-CSharp-Editor", "Assembly-CSharp-Editor.csproj", "{cb68e4ce-0a00-dd6a-49d3-6e3745bf685b}"
EndProject
Project("{FAE04EC0-301F-11D3-BF4B-00C04F79EFBC}") = "VFXGraph.OutputEventHandlers", "VFXGraph.OutputEventHandlers.csproj", "{3ecb0c91-cc24-4696-efba-c80e8f75dcb4}"
EndProject
Project("{FAE04EC0-301F-11D3-BF4B-00C04F79EFBC}") = "Unity.XR.Interaction.Toolkit.Samples.ARStarterAssets.Editor", "Unity.XR.Interaction.Toolkit.Samples.ARStarterAssets.Editor.csproj", "{e6ec7249-8929-63f1-013f-d2e4df5ac831}"
EndProject
Project("{FAE04EC0-301F-11D3-BF4B-00C04F79EFBC}") = "Unity.XR.Interaction.Toolkit.Samples.SpatialKeyboard", "Unity.XR.Interaction.Toolkit.Samples.SpatialKeyboard.csproj", "{c0285fe0-f691-799b-8f8f-76422f3ffb69}"
EndProject
Project("{FAE04EC0-301F-11D3-BF4B-00C04F79EFBC}") = "Unity.XR.Interaction.Toolkit.Samples.StarterAssets", "Unity.XR.Interaction.Toolkit.Samples.StarterAssets.csproj", "{4764d47f-27d8-11c3-1382-d6b379752457}"
EndProject
Project("{FAE04EC0-301F-11D3-BF4B-00C04F79EFBC}") = "SampleAssembly", "SampleAssembly.csproj", "{295822eb-b127-d576-d7c4-fd6d136025ba}"
EndProject
Project("{FAE04EC0-301F-11D3-BF4B-00C04F79EFBC}") = "Unity.AppUI.Samples.MVVMRedux", "Unity.AppUI.Samples.MVVMRedux.csproj", "{0430892e-84cc-2585-16f0-06b0512c9b27}"
EndProject
Project("{FAE04EC0-301F-11D3-BF4B-00C04F79EFBC}") = "audio_input", "audio_input.csproj", "{926084b3-8696-7a76-e9a4-ff48f62dde0a}"
EndProject
Project("{FAE04EC0-301F-11D3-BF4B-00C04F79EFBC}") = "Unity.InputSystem.RebindingUI", "Unity.InputSystem.RebindingUI.csproj", "{f5d064c9-ecb9-d30d-2819-39bbf48c55ac}"
EndProject
Project("{FAE04EC0-301F-11D3-BF4B-00C04F79EFBC}") = "Unity.XR.Interaction.Toolkit.Samples.Hands", "Unity.XR.Interaction.Toolkit.Samples.Hands.csproj", "{95b9db07-a835-272d-8de6-4c69f1eabbf9}"
EndProject
Project("{FAE04EC0-301F-11D3-BF4B-00C04F79EFBC}") = "Icosa API Client for Unity-runtime", "Icosa API Client for Unity-runtime.csproj", "{4b9382b0-e437-451b-0796-cd54cffe308d}"
EndProject
Project("{FAE04EC0-301F-11D3-BF4B-00C04F79EFBC}") = "Unity.RenderPipelines.Core.Samples.Runtime", "Unity.RenderPipelines.Core.Samples.Runtime.csproj", "{c02579bb-5d46-be0d-8ce9-02cfcf2fca01}"
EndProject
Project("{FAE04EC0-301F-11D3-BF4B-00C04F79EFBC}") = "awrtc", "awrtc.csproj", "{c32b69e0-14a5-0568-f795-ca4f73f7bd72}"
EndProject
Project("{FAE04EC0-301F-11D3-BF4B-00C04F79EFBC}") = "Unity.UI.Shaders.Sample.Editor", "Unity.UI.Shaders.Sample.Editor.csproj", "{2db1f119-cc9c-57aa-2d8d-7dcc24a13a4e}"
EndProject
Project("{FAE04EC0-301F-11D3-BF4B-00C04F79EFBC}") = "audio_web", "audio_web.csproj", "{b4c2c9b8-8d4a-52d5-50c4-a6b1969b6f21}"
EndProject
Project("{FAE04EC0-301F-11D3-BF4B-00C04F79EFBC}") = "ControllerSample", "ControllerSample.csproj", "{2ad8938d-2aab-770a-b7a6-1ad1cfcf5680}"
EndProject
Project("{FAE04EC0-301F-11D3-BF4B-00C04F79EFBC}") = "ChatEditor", "ChatEditor.csproj", "{eb796d9f-752e-834f-d36b-02b193c59844}"
EndProject
Project("{FAE04EC0-301F-11D3-BF4B-00C04F79EFBC}") = "awrtc_videoinput", "awrtc_videoinput.csproj", "{fe45f018-6173-8b6c-1bf0-631dbd0617ba}"
EndProject
Project("{FAE04EC0-301F-11D3-BF4B-00C04F79EFBC}") = "Unity.XR.Interaction.Toolkit.Samples.StarterAssets.Editor", "Unity.XR.Interaction.Toolkit.Samples.StarterAssets.Editor.csproj", "{eefbe19c-210f-cc80-7af7-ce4fd8920dff}"
EndProject
Project("{FAE04EC0-301F-11D3-BF4B-00C04F79EFBC}") = "Unity.AppUI.Samples.UndoRedo", "Unity.AppUI.Samples.UndoRedo.csproj", "{0780aa84-77a9-9f6f-720d-9b5adf4e2e53}"
EndProject
Project("{FAE04EC0-301F-11D3-BF4B-00C04F79EFBC}") = "Icosa API Client for Unity-editor", "Icosa API Client for Unity-editor.csproj", "{9dae80bc-349a-6ea4-b120-e6b301d4e9df}"
EndProject
Project("{FAE04EC0-301F-11D3-BF4B-00C04F79EFBC}") = "ARFoundationRemote.Runtime.Examples", "ARFoundationRemote.Runtime.Examples.csproj", "{7355de6e-57aa-fbb7-28af-bc184b7738e0}"
EndProject
Project("{FAE04EC0-301F-11D3-BF4B-00C04F79EFBC}") = "Unity.UI.Shaders.Sample", "Unity.UI.Shaders.Sample.csproj", "{80b613ca-aa44-5fd8-6cea-1ce7bd68a3c3}"
EndProject
Project("{FAE04EC0-301F-11D3-BF4B-00C04F79EFBC}") = "awrtc_editor", "awrtc_editor.csproj", "{29cbca60-2b14-c3ba-ed12-5f947ad9fb12}"
EndProject
Project("{FAE04EC0-301F-11D3-BF4B-00C04F79EFBC}") = "Unity.AppUI.Samples.Navigation", "Unity.AppUI.Samples.Navigation.csproj", "{ee06f53c-35b1-4f48-9480-8583f7d74151}"
EndProject
Project("{FAE04EC0-301F-11D3-BF4B-00C04F79EFBC}") = "Microsoft.ML.OnnxRuntime.UnityEx", "Microsoft.ML.OnnxRuntime.UnityEx.csproj", "{154bcc92-3026-1e82-0a82-034c44c9660e}"
EndProject
Project("{FAE04EC0-301F-11D3-BF4B-00C04F79EFBC}") = "Unity.AppUI.Samples.Redux", "Unity.AppUI.Samples.Redux.csproj", "{8e29464f-8881-b659-ccba-8079cab5fded}"
EndProject
Project("{FAE04EC0-301F-11D3-BF4B-00C04F79EFBC}") = "InputSystem.Samples.Visualizers", "InputSystem.Samples.Visualizers.csproj", "{2ab0c7b2-22d0-d185-4d86-58b493492cfc}"
EndProject
Project("{FAE04EC0-301F-11D3-BF4B-00C04F79EFBC}") = "MetavidoVFX.Tests.PlayMode", "MetavidoVFX.Tests.PlayMode.csproj", "{fec3b7fb-fd45-4110-94b7-f963f1d67118}"
EndProject
Project("{FAE04EC0-301F-11D3-BF4B-00C04F79EFBC}") = "awrtc_browser", "awrtc_browser.csproj", "{5ec8354e-6128-f437-b09a-ec5d4a93c1b0}"
EndProject
Project("{FAE04EC0-301F-11D3-BF4B-00C04F79EFBC}") = "Unity.AppUI.Samples.MVVM", "Unity.AppUI.Samples.MVVM.csproj", "{6cd22d88-74c0-47be-e22e-34d4106d660a}"
EndProject
Project("{FAE04EC0-301F-11D3-BF4B-00C04F79EFBC}") = "CustomCompositionLayerFeature", "CustomCompositionLayerFeature.csproj", "{8d719e0c-3635-8665-cc49-1e4dbb8977d5}"
EndProject
Project("{FAE04EC0-301F-11D3-BF4B-00C04F79EFBC}") = "Unity.RenderPipelines.Core.Samples.Editor", "Unity.RenderPipelines.Core.Samples.Editor.csproj", "{f655b09e-35b2-0bb0-0c92-d72b5495a543}"
EndProject
Project("{FAE04EC0-301F-11D3-BF4B-00C04F79EFBC}") = "Chat", "Chat.csproj", "{4bf35fd2-2efd-ddf3-5166-2098c4d2bfc7}"
EndProject
Project("{FAE04EC0-301F-11D3-BF4B-00C04F79EFBC}") = "Unity.XR.Hands.Samples.VisualizerSample", "Unity.XR.Hands.Samples.VisualizerSample.csproj", "{8071b4a1-8ea4-0306-a821-7fd563c1406b}"
EndProject
Project("{FAE04EC0-301F-11D3-BF4B-00C04F79EFBC}") = "Unity.XR.Interaction.Toolkit.Samples.WorldSpaceUI.Editor", "Unity.XR.Interaction.Toolkit.Samples.WorldSpaceUI.Editor.csproj", "{c1d5e74f-b3de-3c55-0e24-6fdb524c7d67}"
EndProject
Project("{FAE04EC0-301F-11D3-BF4B-00C04F79EFBC}") = "ARFoundationRemote.Installer.Editor", "ARFoundationRemote.Installer.Editor.csproj", "{5a97078b-c408-e9a5-64ce-9d2de6a3374b}"
EndProject
Project("{FAE04EC0-301F-11D3-BF4B-00C04F79EFBC}") = "Unity.XR.Interaction.Toolkit.Samples.SpatialKeyboard.Editor", "Unity.XR.Interaction.Toolkit.Samples.SpatialKeyboard.Editor.csproj", "{d0ef08ab-d4e2-0f9c-9fdd-4a517a276a23}"
EndProject
Project("{FAE04EC0-301F-11D3-BF4B-00C04F79EFBC}") = "CameraTextureUtils.Runtime", "CameraTextureUtils.Runtime.csproj", "{4960f9bf-3b5e-396c-2f72-ebb1319a6192}"
EndProject
Project("{FAE04EC0-301F-11D3-BF4B-00C04F79EFBC}") = "Unity.Searcher.EditorSamples", "Unity.Searcher.EditorSamples.csproj", "{5c6db320-7f84-e4e3-612a-4b0ee7720c56}"
EndProject
Project("{FAE04EC0-301F-11D3-BF4B-00C04F79EFBC}") = "UnityEngine.InputSystem.Samples.UIvsGameInput", "UnityEngine.InputSystem.Samples.UIvsGameInput.csproj", "{d49e586b-347b-db95-6b44-f722c7e92dc8}"
EndProject
Project("{FAE04EC0-301F-11D3-BF4B-00C04F79EFBC}") = "Metavido.Vfx", "Metavido.Vfx.csproj", "{e6587665-b3f1-105e-b54b-955eb1c69cb9}"
EndProject
Project("{FAE04EC0-301F-11D3-BF4B-00C04F79EFBC}") = "Unity.XR.Interaction.Toolkit.Samples.DeviceSimulator", "Unity.XR.Interaction.Toolkit.Samples.DeviceSimulator.csproj", "{14f25371-050e-f55f-b921-c1da5acf6670}"
EndProject
Project("{FAE04EC0-301F-11D3-BF4B-00C04F79EFBC}") = "audio_output", "audio_output.csproj", "{88dd4218-b810-653e-d63f-5ba423cab9c9}"
EndProject
Project("{FAE04EC0-301F-11D3-BF4B-00C04F79EFBC}") = "Unity.XR.Interaction.Toolkit.Samples.InteractionSimulator", "Unity.XR.Interaction.Toolkit.Samples.InteractionSimulator.csproj", "{8d44d599-9d99-741b-61d4-30757b1ba827}"
EndProject
Project("{FAE04EC0-301F-11D3-BF4B-00C04F79EFBC}") = "CameraTextureUtils.Editor", "CameraTextureUtils.Editor.csproj", "{c40862da-40d1-b197-4cd7-fc0b7b44694d}"
EndProject
Project("{FAE04EC0-301F-11D3-BF4B-00C04F79EFBC}") = "VFXGraph.OutputEventHandlers.Editor", "VFXGraph.OutputEventHandlers.Editor.csproj", "{f0119f09-4b13-6fd6-662d-7d935c1de879}"
EndProject
Project("{FAE04EC0-301F-11D3-BF4B-00C04F79EFBC}") = "Unity.XR.Interaction.Toolkit.Samples.InteractionSimulator.Editor", "Unity.XR.Interaction.Toolkit.Samples.InteractionSimulator.Editor.csproj", "{70bcb7bf-5bcf-45d3-552d-e7f35d206c47}"
EndProject
Project("{FAE04EC0-301F-11D3-BF4B-00C04F79EFBC}") = "Unity.XR.Interaction.Toolkit.Samples.ARStarterAssets", "Unity.XR.Interaction.Toolkit.Samples.ARStarterAssets.csproj", "{6cf231e1-a0cb-07a5-2134-de198c2b4ec1}"
EndProject
Project("{FAE04EC0-301F-11D3-BF4B-00C04F79EFBC}") = "Unity.XR.Interaction.Toolkit.Samples.Hands.Editor", "Unity.XR.Interaction.Toolkit.Samples.Hands.Editor.csproj", "{30d95181-9bf8-69bb-a4a4-4b8f75d1e69d}"
EndProject
Project("{FAE04EC0-301F-11D3-BF4B-00C04F79EFBC}") = "Unity.XR.Interaction.Toolkit.Samples.WorldSpaceUI", "Unity.XR.Interaction.Toolkit.Samples.WorldSpaceUI.csproj", "{71814771-3f96-88f3-466f-30ebc9e27bf7}"
EndProject
Project("{FAE04EC0-301F-11D3-BF4B-00C04F79EFBC}") = "Unity.InputSystem.InGameHints", "Unity.InputSystem.InGameHints.csproj", "{fcabc5ee-49d7-8ca4-d08d-ab5baa97c9a0}"
EndProject
Project("{FAE04EC0-301F-11D3-BF4B-00C04F79EFBC}") = "Unity.Searcher.ScriptsSamples", "Unity.Searcher.ScriptsSamples.csproj", "{addf902b-1b56-955b-af96-c9edb024332b}"
EndProject
Project("{FAE04EC0-301F-11D3-BF4B-00C04F79EFBC}") = "awrtc_common", "awrtc_common.csproj", "{80ac5b6a-3b3c-c0bf-8f30-9d93934d3561}"
EndProject
Project("{FAE04EC0-301F-11D3-BF4B-00C04F79EFBC}") = "Assembly-CSharp-firstpass", "Assembly-CSharp-firstpass.csproj", "{06072ec4-f29b-7e29-9ef8-829830e3c2c3}"
EndProject
Global
	GlobalSection(SolutionConfigurationPlatforms) = preSolution
		Debug|Any CPU = Debug|Any CPU
	EndGlobalSection
	GlobalSection(ProjectConfigurationPlatforms) = postSolution
		{07e061f0-2523-2170-2ef4-5f6a42f21f36}.Debug|Any CPU.ActiveCfg = Debug|Any CPU
		{07e061f0-2523-2170-2ef4-5f6a42f21f36}.Debug|Any CPU.Build.0 = Debug|Any CPU
		{9149b267-53e2-3475-9700-946f248e8dd4}.Debug|Any CPU.ActiveCfg = Debug|Any CPU
		{9149b267-53e2-3475-9700-946f248e8dd4}.Debug|Any CPU.Build.0 = Debug|Any CPU
		{cb68e4ce-0a00-dd6a-49d3-6e3745bf685b}.Debug|Any CPU.ActiveCfg = Debug|Any CPU
		{cb68e4ce-0a00-dd6a-49d3-6e3745bf685b}.Debug|Any CPU.Build.0 = Debug|Any CPU
		{3ecb0c91-cc24-4696-efba-c80e8f75dcb4}.Debug|Any CPU.ActiveCfg = Debug|Any CPU
		{3ecb0c91-cc24-4696-efba-c80e8f75dcb4}.Debug|Any CPU.Build.0 = Debug|Any CPU
		{e6ec7249-8929-63f1-013f-d2e4df5ac831}.Debug|Any CPU.ActiveCfg = Debug|Any CPU
		{e6ec7249-8929-63f1-013f-d2e4df5ac831}.Debug|Any CPU.Build.0 = Debug|Any CPU
		{c0285fe0-f691-799b-8f8f-76422f3ffb69}.Debug|Any CPU.ActiveCfg = Debug|Any CPU
		{c0285fe0-f691-799b-8f8f-76422f3ffb69}.Debug|Any CPU.Build.0 = Debug|Any CPU
		{4764d47f-27d8-11c3-1382-d6b379752457}.Debug|Any CPU.ActiveCfg = Debug|Any CPU
		{4764d47f-27d8-11c3-1382-d6b379752457}.Debug|Any CPU.Build.0 = Debug|Any CPU
		{295822eb-b127-d576-d7c4-fd6d136025ba}.Debug|Any CPU.ActiveCfg = Debug|Any CPU
		{295822eb-b127-d576-d7c4-fd6d136025ba}.Debug|Any CPU.Build.0 = Debug|Any CPU
		{0430892e-84cc-2585-16f0-06b0512c9b27}.Debug|Any CPU.ActiveCfg = Debug|Any CPU
		{0430892e-84cc-2585-16f0-06b0512c9b27}.Debug|Any CPU.Build.0 = Debug|Any CPU
		{926084b3-8696-7a76-e9a4-ff48f62dde0a}.Debug|Any CPU.ActiveCfg = Debug|Any CPU
		{926084b3-8696-7a76-e9a4-ff48f62dde0a}.Debug|Any CPU.Build.0 = Debug|Any CPU
		{f5d064c9-ecb9-d30d-2819-39bbf48c55ac}.Debug|Any CPU.ActiveCfg = Debug|Any CPU
		{f5d064c9-ecb9-d30d-2819-39bbf48c55ac}.Debug|Any CPU.Build.0 = Debug|Any CPU
		{95b9db07-a835-272d-8de6-4c69f1eabbf9}.Debug|Any CPU.ActiveCfg = Debug|Any CPU
		{95b9db07-a835-272d-8de6-4c69f1eabbf9}.Debug|Any CPU.Build.0 = Debug|Any CPU
		{4b9382b0-e437-451b-0796-cd54cffe308d}.Debug|Any CPU.ActiveCfg = Debug|Any CPU
		{4b9382b0-e437-451b-0796-cd54cffe308d}.Debug|Any CPU.Build.0 = Debug|Any CPU
		{c02579bb-5d46-be0d-8ce9-02cfcf2fca01}.Debug|Any CPU.ActiveCfg = Debug|Any CPU
		{c02579bb-5d46-be0d-8ce9-02cfcf2fca01}.Debug|Any CPU.Build.0 = Debug|Any CPU
		{c32b69e0-14a5-0568-f795-ca4f73f7bd72}.Debug|Any CPU.ActiveCfg = Debug|Any CPU
		{c32b69e0-14a5-0568-f795-ca4f73f7bd72}.Debug|Any CPU.Build.0 = Debug|Any CPU
		{2db1f119-cc9c-57aa-2d8d-7dcc24a13a4e}.Debug|Any CPU.ActiveCfg = Debug|Any CPU
		{2db1f119-cc9c-57aa-2d8d-7dcc24a13a4e}.Debug|Any CPU.Build.0 = Debug|Any CPU
		{b4c2c9b8-8d4a-52d5-50c4-a6b1969b6f21}.Debug|Any CPU.ActiveCfg = Debug|Any CPU
		{b4c2c9b8-8d4a-52d5-50c4-a6b1969b6f21}.Debug|Any CPU.Build.0 = Debug|Any CPU
		{2ad8938d-2aab-770a-b7a6-1ad1cfcf5680}.Debug|Any CPU.ActiveCfg = Debug|Any CPU
		{2ad8938d-2aab-770a-b7a6-1ad1cfcf5680}.Debug|Any CPU.Build.0 = Debug|Any CPU
		{eb796d9f-752e-834f-d36b-02b193c59844}.Debug|Any CPU.ActiveCfg = Debug|Any CPU
		{eb796d9f-752e-834f-d36b-02b193c59844}.Debug|Any CPU.Build.0 = Debug|Any CPU
		{fe45f018-6173-8b6c-1bf0-631dbd0617ba}.Debug|Any CPU.ActiveCfg = Debug|Any CPU
		{fe45f018-6173-8b6c-1bf0-631dbd0617ba}.Debug|Any CPU.Build.0 = Debug|Any CPU
		{eefbe19c-210f-cc80-7af7-ce4fd8920dff}.Debug|Any CPU.ActiveCfg = Debug|Any CPU
		{eefbe19c-210f-cc80-7af7-ce4fd8920dff}.Debug|Any CPU.Build.0 = Debug|Any CPU
		{0780aa84-77a9-9f6f-720d-9b5adf4e2e53}.Debug|Any CPU.ActiveCfg = Debug|Any CPU
		{0780aa84-77a9-9f6f-720d-9b5adf4e2e53}.Debug|Any CPU.Build.0 = Debug|Any CPU
		{9dae80bc-349a-6ea4-b120-e6b301d4e9df}.Debug|Any CPU.ActiveCfg = Debug|Any CPU
		{9dae80bc-349a-6ea4-b120-e6b301d4e9df}.Debug|Any CPU.Build.0 = Debug|Any CPU
		{7355de6e-57aa-fbb7-28af-bc184b7738e0}.Debug|Any CPU.ActiveCfg = Debug|Any CPU
		{7355de6e-57aa-fbb7-28af-bc184b7738e0}.Debug|Any CPU.Build.0 = Debug|Any CPU
		{80b613ca-aa44-5fd8-6cea-1ce7bd68a3c3}.Debug|Any CPU.ActiveCfg = Debug|Any CPU
		{80b613ca-aa44-5fd8-6cea-1ce7bd68a3c3}.Debug|Any CPU.Build.0 = Debug|Any CPU
		{29cbca60-2b14-c3ba-ed12-5f947ad9fb12}.Debug|Any CPU.ActiveCfg = Debug|Any CPU
		{29cbca60-2b14-c3ba-ed12-5f947ad9fb12}.Debug|Any CPU.Build.0 = Debug|Any CPU
		{ee06f53c-35b1-4f48-9480-8583f7d74151}.Debug|Any CPU.ActiveCfg = Debug|Any CPU
		{ee06f53c-35b1-4f48-9480-8583f7d74151}.Debug|Any CPU.Build.0 = Debug|Any CPU
		{154bcc92-3026-1e82-0a82-034c44c9660e}.Debug|Any CPU.ActiveCfg = Debug|Any CPU
		{154bcc92-3026-1e82-0a82-034c44c9660e}.Debug|Any CPU.Build.0 = Debug|Any CPU
		{8e29464f-8881-b659-ccba-8079cab5fded}.Debug|Any CPU.ActiveCfg = Debug|Any CPU
		{8e29464f-8881-b659-ccba-8079cab5fded}.Debug|Any CPU.Build.0 = Debug|Any CPU
		{2ab0c7b2-22d0-d185-4d86-58b493492cfc}.Debug|Any CPU.ActiveCfg = Debug|Any CPU
		{2ab0c7b2-22d0-d185-4d86-58b493492cfc}.Debug|Any CPU.Build.0 = Debug|Any CPU
		{fec3b7fb-fd45-4110-94b7-f963f1d67118}.Debug|Any CPU.ActiveCfg = Debug|Any CPU
		{fec3b7fb-fd45-4110-94b7-f963f1d67118}.Debug|Any CPU.Build.0 = Debug|Any CPU
		{5ec8354e-6128-f437-b09a-ec5d4a93c1b0}.Debug|Any CPU.ActiveCfg = Debug|Any CPU
		{5ec8354e-6128-f437-b09a-ec5d4a93c1b0}.Debug|Any CPU.Build.0 = Debug|Any CPU
		{6cd22d88-74c0-47be-e22e-34d4106d660a}.Debug|Any CPU.ActiveCfg = Debug|Any CPU
		{6cd22d88-74c0-47be-e22e-34d4106d660a}.Debug|Any CPU.Build.0 = Debug|Any CPU
		{8d719e0c-3635-8665-cc49-1e4dbb8977d5}.Debug|Any CPU.ActiveCfg = Debug|Any CPU
		{8d719e0c-3635-8665-cc49-1e4dbb8977d5}.Debug|Any CPU.Build.0 = Debug|Any CPU
		{f655b09e-35b2-0bb0-0c92-d72b5495a543}.Debug|Any CPU.ActiveCfg = Debug|Any CPU
		{f655b09e-35b2-0bb0-0c92-d72b5495a543}.Debug|Any CPU.Build.0 = Debug|Any CPU
		{4bf35fd2-2efd-ddf3-5166-2098c4d2bfc7}.Debug|Any CPU.ActiveCfg = Debug|Any CPU
		{4bf35fd2-2efd-ddf3-5166-2098c4d2bfc7}.Debug|Any CPU.Build.0 = Debug|Any CPU
		{8071b4a1-8ea4-0306-a821-7fd563c1406b}.Debug|Any CPU.ActiveCfg = Debug|Any CPU
		{8071b4a1-8ea4-0306-a821-7fd563c1406b}.Debug|Any CPU.Build.0 = Debug|Any CPU
		{c1d5e74f-b3de-3c55-0e24-6fdb524c7d67}.Debug|Any CPU.ActiveCfg = Debug|Any CPU
		{c1d5e74f-b3de-3c55-0e24-6fdb524c7d67}.Debug|Any CPU.Build.0 = Debug|Any CPU
		{5a97078b-c408-e9a5-64ce-9d2de6a3374b}.Debug|Any CPU.ActiveCfg = Debug|Any CPU
		{5a97078b-c408-e9a5-64ce-9d2de6a3374b}.Debug|Any CPU.Build.0 = Debug|Any CPU
		{d0ef08ab-d4e2-0f9c-9fdd-4a517a276a23}.Debug|Any CPU.ActiveCfg = Debug|Any CPU
		{d0ef08ab-d4e2-0f9c-9fdd-4a517a276a23}.Debug|Any CPU.Build.0 = Debug|Any CPU
		{4960f9bf-3b5e-396c-2f72-ebb1319a6192}.Debug|Any CPU.ActiveCfg = Debug|Any CPU
		{4960f9bf-3b5e-396c-2f72-ebb1319a6192}.Debug|Any CPU.Build.0 = Debug|Any CPU
		{5c6db320-7f84-e4e3-612a-4b0ee7720c56}.Debug|Any CPU.ActiveCfg = Debug|Any CPU
		{5c6db320-7f84-e4e3-612a-4b0ee7720c56}.Debug|Any CPU.Build.0 = Debug|Any CPU
		{d49e586b-347b-db95-6b44-f722c7e92dc8}.Debug|Any CPU.ActiveCfg = Debug|Any CPU
		{d49e586b-347b-db95-6b44-f722c7e92dc8}.Debug|Any CPU.Build.0 = Debug|Any CPU
		{e6587665-b3f1-105e-b54b-955eb1c69cb9}.Debug|Any CPU.ActiveCfg = Debug|Any CPU
		{e6587665-b3f1-105e-b54b-955eb1c69cb9}.Debug|Any CPU.Build.0 = Debug|Any CPU
		{14f25371-050e-f55f-b921-c1da5acf6670}.Debug|Any CPU.ActiveCfg = Debug|Any CPU
		{14f25371-050e-f55f-b921-c1da5acf6670}.Debug|Any CPU.Build.0 = Debug|Any CPU
		{88dd4218-b810-653e-d63f-5ba423cab9c9}.Debug|Any CPU.ActiveCfg = Debug|Any CPU
		{88dd4218-b810-653e-d63f-5ba423cab9c9}.Debug|Any CPU.Build.0 = Debug|Any CPU
		{8d44d599-9d99-741b-61d4-30757b1ba827}.Debug|Any CPU.ActiveCfg = Debug|Any CPU
		{8d44d599-9d99-741b-61d4-30757b1ba827}.Debug|Any CPU.Build.0 = Debug|Any CPU
		{c40862da-40d1-b197-4cd7-fc0b7b44694d}.Debug|Any CPU.ActiveCfg = Debug|Any CPU
		{c40862da-40d1-b197-4cd7-fc0b7b44694d}.Debug|Any CPU.Build.0 = Debug|Any CPU
		{f0119f09-4b13-6fd6-662d-7d935c1de879}.Debug|Any CPU.ActiveCfg = Debug|Any CPU
		{f0119f09-4b13-6fd6-662d-7d935c1de879}.Debug|Any CPU.Build.0 = Debug|Any CPU
		{70bcb7bf-5bcf-45d3-552d-e7f35d206c47}.Debug|Any CPU.ActiveCfg = Debug|Any CPU
		{70bcb7bf-5bcf-45d3-552d-e7f35d206c47}.Debug|Any CPU.Build.0 = Debug|Any CPU
		{6cf231e1-a0cb-07a5-2134-de198c2b4ec1}.Debug|Any CPU.ActiveCfg = Debug|Any CPU
		{6cf231e1-a0cb-07a5-2134-de198c2b4ec1}.Debug|Any CPU.Build.0 = Debug|Any CPU
		{30d95181-9bf8-69bb-a4a4-4b8f75d1e69d}.Debug|Any CPU.ActiveCfg = Debug|Any CPU
		{30d95181-9bf8-69bb-a4a4-4b8f75d1e69d}.Debug|Any CPU.Build.0 = Debug|Any CPU
		{71814771-3f96-88f3-466f-30ebc9e27bf7}.Debug|Any CPU.ActiveCfg = Debug|Any CPU
		{71814771-3f96-88f3-466f-30ebc9e27bf7}.Debug|Any CPU.Build.0 = Debug|Any CPU
		{fcabc5ee-49d7-8ca4-d08d-ab5baa97c9a0}.Debug|Any CPU.ActiveCfg = Debug|Any CPU
		{fcabc5ee-49d7-8ca4-d08d-ab5baa97c9a0}.Debug|Any CPU.Build.0 = Debug|Any CPU
		{addf902b-1b56-955b-af96-c9edb024332b}.Debug|Any CPU.ActiveCfg = Debug|Any CPU
		{addf902b-1b56-955b-af96-c9edb024332b}.Debug|Any CPU.Build.0 = Debug|Any CPU
		{80ac5b6a-3b3c-c0bf-8f30-9d93934d3561}.Debug|Any CPU.ActiveCfg = Debug|Any CPU
		{80ac5b6a-3b3c-c0bf-8f30-9d93934d3561}.Debug|Any CPU.Build.0 = Debug|Any CPU
		{06072ec4-f29b-7e29-9ef8-829830e3c2c3}.Debug|Any CPU.ActiveCfg = Debug|Any CPU
		{06072ec4-f29b-7e29-9ef8-829830e3c2c3}.Debug|Any CPU.Build.0 = Debug|Any CPU
	EndGlobalSection
	GlobalSection(SolutionProperties) = preSolution
		HideSolutionNode = FALSE
	EndGlobalSection
EndGlobal
